github.com/andrianbdn/iospng v0.0.0-20180730113000-dccef1992541 h1:PlePBgD++64Pjmo5HtrBuBxt1oWTUkc0PzrrLk822uA=
github.com/andrianbdn/iospng v0.0.0-20180730113000-dccef1992541/go.mod h1:Ct7Kf2zP3u3uzYRRwayZEwtAQGJ2leVXiR6DQI9IqPo=
github.com/avast/apkparser v0.0.0-20221110131626-bc2b7ccc9d3e h1:xlEHmOdmkZSseNewD+HiR6HIgJ1NHoVyiapTtSaHPFo=
github.com/avast/apkparser v0.0.0-20221110131626-bc2b7ccc9d3e/go.mod h1:Q9VJUqVyJjIsFm+2rS5ongUUeHjoTG4b0LanUo7A2yk=
github.com/go-resty/resty/v2 v2.7.0 h1:me+K9p3uhSmXtrBZ4k9jcEAfJmuC8IivWHwaLZwPrFY=
github.com/go-resty/resty/v2 v2.7.0/go.mod h1:9PWDzw47qPphMRFfhsyk0NnSgvluHcljSMVIq3w7q0I=
github.com/jessevdk/go-flags v1.4.0/go.mod h1:4FA24M0QyGHXBuZZK/XkWh8h0e1EYbRYJSGM75WSRxI=
github.com/klauspost/compress v1.15.12 h1:YClS/PImqYbn+UILDnqxQCZ3RehC9N318SU3kElDUEM=
github.com/klauspost/compress v1.15.12/go.mod h1:QPwzmACJjUTFsnSHH934V6woptycfrDDJnH7hvFVbGM=
github.com/shogo82148/androidbinary v1.0.3 h1:0E9bBCcDVwb2xJP3NwDkdfkxtOrys3DK/NjxnUq+bNI=
github.com/shogo82148/androidbinary v1.0.3/go.mod h1:TZXT25KBG2LxEC+kh7v2qvmwXfMwC/FNxKt7uTf8tJc=
golang.org/x/net v0.0.0-20211029224645-99673261e6eb h1:pirldcYWx7rx7kE5r+9WsOXPXK0+WH5+uZ7uPmJ44uM=
golang.org/x/net v0.0.0-20211029224645-99673261e6eb/go.mod h1:9nx3DQGgdP8bBQD5qxJ1jj9UTztislL4KSBs9R2vV5Y=
golang.org/x/sys v0.0.0-20201119102817-f84b799fce68/go.mod h1:h1NjWce9XRLGQEsW7wpKNCjG9DtNlClVuFLEZdDNbEs=
golang.org/x/sys v0.0.0-20210423082822-04245dca01da/go.mod h1:h1NjWce9XRLGQEsW7wpKNCjG9DtNlClVuFLEZdDNbEs=
golang.org/x/term v0.0.0-20201126162022-7de9c90e9dd1/go.mod h1:bj7SfCRtBDWHUb9snDiAeCFNEtKQo2Wmx5Cou7ajbmo=
golang.org/x/text v0.3.6/go.mod h1:5Zoc/QRtKVWzQhOtBMvqHzDpF6irO9z98xDceosuGiQ=
golang.org/x/tools v0.0.0-20180917221912-90fa682c2a6e/go.mod h1:n7NCudcB/nEzxVGmLbDWY5pfWTLqBcC2KZ6jyYvM4mQ=
gopkg.in/check.v1 v0.0.0-20161208181325-20d25e280405/go.mod h1:Co6ibVJAznAaIkqp8huTwlJQCZ016jof/cbN4VW5Yz0=
gopkg.in/urfave/cli.v1 v1.20.0 h1:NdAVW6RYxDif9DhDHaAortIu956m2c0v+09AZBPTbE0=
gopkg.in/urfave/cli.v1 v1.20.0/go.mod h1:vuBzUtMdQeixQj8LVd+/98pzhxNGQoyuPBlsXHOQNO0=
gopkg.in/yaml.v1 v1.0.0-20140924161607-9f9df34309c0/go.mod h1:WDnlLJ4WF5VGsH/HVa3CI79GS0ol3YnhVnKP89i0kNg=
howett.net/plist v1.0.0 h1:7CrbWYbPPO/PyNy38b2EB/+gYbjCe2DXBxgtOOZbSQM=
howett.net/plist v1.0.0/go.mod h1:lqaXoTrLY4hg8tnEzNru53gicrbv7rrk+2xJA/7hw9g=
